Microsoft Visual Studio Solution File, Format Version 11.00
# Visual C# Express 2010
Project("{FAE04EC0-301F-11D3-BF4B-00C04F79EFBC}") = "RichEditBox", "RichEditBox\RichEditBox.csproj", "{DBBCECD8-69E9-4EF8-9A32-E94502641B4A}"
EndProject
Project("{FAE04EC0-301F-11D3-BF4B-00C04F79EFBC}") = "TestRichEditBox", "TestRichEditBox\TestRichEditBox.csproj", "{98B08DB7-8F4E-4E84-9015-7B1878999CE6}"
EndProject
Global
	GlobalSection(SolutionConfigurationPlatforms) = preSolution
		Debug|Any CPU = Debug|Any CPU
		Release|Any CPU = Release|Any CPU
	EndGlobalSection
	GlobalSection(ProjectConfigurationPlatforms) = postSolution
		{DBBCECD8-69E9-4EF8-9A32-E94502641B4A}.Debug|Any CPU.ActiveCfg = Debug|Any CPU
		{DBBCECD8-69E9-4EF8-9A32-E94502641B4A}.Debug|Any CPU.Build.0 = Debug|Any CPU
		{DBBCECD8-69E9-4EF8-9A32-E94502641B4A}.Release|Any CPU.ActiveCfg = Release|Any CPU
		{DBBCECD8-69E9-4EF8-9A32-E94502641B4A}.Release|Any CPU.Build.0 = Release|Any CPU
		{98B08DB7-8F4E-4E84-9015-7B1878999CE6}.Debug|Any CPU.ActiveCfg = Debug|Any CPU
		{98B08DB7-8F4E-4E84-9015-7B1878999CE6}.Debug|Any CPU.Build.0 = Debug|Any CPU
		{98B08DB7-8F4E-4E84-9015-7B1878999CE6}.Release|Any CPU.ActiveCfg = Release|Any CPU
		{98B08DB7-8F4E-4E84-9015-7B1878999CE6}.Release|Any CPU.Build.0 = Release|Any CPU
	EndGlobalSection
	GlobalSection(SolutionProperties) = preSolution
		HideSolutionNode = FALSE
	EndGlobalSection
EndGlobal
